{
  "version": 4,
  "terraform_version": "1.6.4",
  "serial": 81,
  "lineage": "af1d24dd-6291-efcb-6785-90f3c21c5177",
  "outputs": {},
  "resources": [
    {
      "mode": "data",
      "type": "google_billing_account",
      "name": "acct",
      "provider": "provider[\"registry.terraform.io/hashicorp/google\"]",
      "instances": [
        {
          "schema_version": 0,
          "attributes": {
            "billing_account": null,
            "display_name": "My Billing Account",
            "id": "012042-1E02BA-43C298",
            "lookup_projects": true,
            "name": "billingAccounts/012042-1E02BA-43C298",
            "open": true,
            "project_ids": [
              "bold-hallway-399715",
              "hnmxcjmmxcqwncva",
              "yevaysmksiiywuxn"
            ]
          },
          "sensitive_attributes": []
        }
      ]
    },
    {
      "mode": "managed",
      "type": "google_project",
      "name": "Project3",
      "provider": "provider[\"registry.terraform.io/hashicorp/google\"]",
      "instances": [
        {
          "schema_version": 1,
          "attributes": {
            "auto_create_network": true,
            "billing_account": "012042-1E02BA-43C298",
            "effective_labels": {},
            "folder_id": null,
            "id": "projects/yevaysmksiiywuxn",
            "labels": {},
            "name": "Project3",
            "number": "265832537395",
            "org_id": null,
            "project_id": "yevaysmksiiywuxn",
            "skip_delete": null,
            "terraform_labels": {},
            "timeouts": null
          },
          "sensitive_attributes": [
            [
              {
                "type": "get_attr",
                "value": "project_id"
              }
            ]
          ],
          "private": "eyJlMmJmYjczMC1lY2FhLTExZTYtOGY4OC0zNDM2M2JjN2M0YzAiOnsiY3JlYXRlIjo2MDAwMDAwMDAwMDAsImRlbGV0ZSI6NjAwMDAwMDAwMDAwLCJyZWFkIjo2MDAwMDAwMDAwMDAsInVwZGF0ZSI6NjAwMDAwMDAwMDAwfSwic2NoZW1hX3ZlcnNpb24iOiIxIn0=",
          "dependencies": [
            "data.google_billing_account.acct",
            "random_password.password"
          ]
        }
      ]
    },
    {
      "mode": "managed",
      "type": "null_resource",
      "name": "enable-apis",
      "provider": "provider[\"registry.terraform.io/hashicorp/null\"]",
      "instances": [
        {
          "schema_version": 0,
          "attributes": {
            "id": "1998475790392160003",
            "triggers": {
              "always_run": "2023-12-04T21:19:58Z"
            }
          },
          "sensitive_attributes": [],
          "dependencies": [
            "data.google_billing_account.acct",
            "google_project.Project3",
            "null_resource.set-project",
            "random_password.password"
          ]
        }
      ]
    },
    {
      "mode": "managed",
      "type": "null_resource",
      "name": "set-project",
      "provider": "provider[\"registry.terraform.io/hashicorp/null\"]",
      "instances": [
        {
          "schema_version": 0,
          "attributes": {
            "id": "1156692843665883692",
            "triggers": {
              "always_run": "2023-12-04T21:19:57Z"
            }
          },
          "sensitive_attributes": [],
          "dependencies": [
            "data.google_billing_account.acct",
            "google_project.Project3",
            "random_password.password"
          ]
        }
      ]
    },
    {
      "mode": "managed",
      "type": "random_password",
      "name": "password",
      "provider": "provider[\"registry.terraform.io/hashicorp/random\"]",
      "instances": [
        {
          "schema_version": 3,
          "attributes": {
            "bcrypt_hash": "$2a$10$xlAFGmGt8xZ2FL7MF6gr8eJXPNChrZA2PczH52WKavEKGsRAnLpmi",
            "id": "none",
            "keepers": null,
            "length": 16,
            "lower": true,
            "min_lower": 0,
            "min_numeric": 0,
            "min_special": 0,
            "min_upper": 0,
            "number": false,
            "numeric": false,
            "override_special": null,
            "result": "yevaysmksiiywuxn",
            "special": false,
            "upper": false
          },
          "sensitive_attributes": []
        }
      ]
    }
  ],
  "check_results": null
}
